lockfileVersion: "9.0"

settings:
  autoInstallPeers: true
  excludeLinksFromLockfile: false

importers:
  .:
    dependencies:
      autoevals:
        specifier: ^0.0.64
        version: 0.0.64
      braintrust:
        specifier: ^0.0.127
        version: 0.0.127
      openai:
        specifier: ^4.47.1
        version: 4.104.0(zod@3.25.76)

packages:
  "@ai-sdk/provider@0.0.0":
    resolution:
      {
        integrity: sha512-Gbl9Ei8NPtM85gB/o8cY7s7CLGxK/U6QVheVaI3viFn7o6IpTfy1Ja389e2FXVMNJ4WHK2qYWSp5fAFDuKulTA==,
      }
    engines: { node: ">=18" }

  "@asteasolutions/zod-to-openapi@6.4.0":
    resolution:
      {
        integrity: sha512-8cxfF7AHHx2PqnN4Cd8/O8CBu/nVYJP9DpnfVLW3BFb66VJDnqI/CczZnkqMc3SNh6J9GiX7JbJ5T4BSP4HZ2Q==,
      }
    peerDependencies:
      zod: ^3.20.2

  "@braintrust/core@0.0.34":
    resolution:
      {
        integrity: sha512-FwlBlQXDASNtCJa4VL+9roYax7W+yeK4YrpMK/D0G5gMy4vQF6MtPnkJnHVI6S1IdLa+TFBOqfzQJiKZyukhVQ==,
      }

  "@esbuild/android-arm64@0.18.20":
    resolution:
      {
        integrity: sha512-Nz4rJcchGDtENV0eMKUNa6L12zz2zBDXuhj/Vjh18zGqB44Bi7MBMSXjgunJgjRhCmKOjnPuZp4Mb6OKqtMHLQ==,
      }
    engines: { node: ">=12" }
    cpu: [arm64]
    os: [android]

  "@esbuild/android-arm@0.18.20":
    resolution:
      {
        integrity: sha512-fyi7TDI/ijKKNZTUJAQqiG5T7YjJXgnzkURqmGj13C6dCqckZBLdl4h7bkhHt/t0WP+zO9/zwroDvANaOqO5Sw==,
      }
    engines: { node: ">=12" }
    cpu: [arm]
    os: [android]

  "@esbuild/android-x64@0.18.20":
    resolution:
      {
        integrity: sha512-8GDdlePJA8D6zlZYJV/jnrRAi6rOiNaCC/JclcXpB+KIuvfBN4owLtgzY2bsxnx666XjJx2kDPUmnTtR8qKQUg==,
      }
    engines: { node: ">=12" }
    cpu: [x64]
    os: [android]

  "@esbuild/darwin-arm64@0.18.20":
    resolution:
      {
        integrity: sha512-bxRHW5kHU38zS2lPTPOyuyTm+S+eobPUnTNkdJEfAddYgEcll4xkT8DB9d2008DtTbl7uJag2HuE5NZAZgnNEA==,
      }
    engines: { node: ">=12" }
    cpu: [arm64]
    os: [darwin]

  "@esbuild/darwin-x64@0.18.20":
    resolution:
      {
        integrity: sha512-pc5gxlMDxzm513qPGbCbDukOdsGtKhfxD1zJKXjCCcU7ju50O7MeAZ8c4krSJcOIJGFR+qx21yMMVYwiQvyTyQ==,
      }
    engines: { node: ">=12" }
    cpu: [x64]
    os: [darwin]

  "@esbuild/freebsd-arm64@0.18.20":
    resolution:
      {
        integrity: sha512-yqDQHy4QHevpMAaxhhIwYPMv1NECwOvIpGCZkECn8w2WFHXjEwrBn3CeNIYsibZ/iZEUemj++M26W3cNR5h+Tw==,
      }
    engines: { node: ">=12" }
    cpu: [arm64]
    os: [freebsd]

  "@esbuild/freebsd-x64@0.18.20":
    resolution:
      {
        integrity: sha512-tgWRPPuQsd3RmBZwarGVHZQvtzfEBOreNuxEMKFcd5DaDn2PbBxfwLcj4+aenoh7ctXcbXmOQIn8HI6mCSw5MQ==,
      }
    engines: { node: ">=12" }
    cpu: [x64]
    os: [freebsd]

  "@esbuild/linux-arm64@0.18.20":
    resolution:
      {
        integrity: sha512-2YbscF+UL7SQAVIpnWvYwM+3LskyDmPhe31pE7/aoTMFKKzIc9lLbyGUpmmb8a8AixOL61sQ/mFh3jEjHYFvdA==,
      }
    engines: { node: ">=12" }
    cpu: [arm64]
    os: [linux]

  "@esbuild/linux-arm@0.18.20":
    resolution:
      {
        integrity: sha512-/5bHkMWnq1EgKr1V+Ybz3s1hWXok7mDFUMQ4cG10AfW3wL02PSZi5kFpYKrptDsgb2WAJIvRcDm+qIvXf/apvg==,
      }
    engines: { node: ">=12" }
    cpu: [arm]
    os: [linux]

  "@esbuild/linux-ia32@0.18.20":
    resolution:
      {
        integrity: sha512-P4etWwq6IsReT0E1KHU40bOnzMHoH73aXp96Fs8TIT6z9Hu8G6+0SHSw9i2isWrD2nbx2qo5yUqACgdfVGx7TA==,
      }
    engines: { node: ">=12" }
    cpu: [ia32]
    os: [linux]

  "@esbuild/linux-loong64@0.18.20":
    resolution:
      {
        integrity: sha512-nXW8nqBTrOpDLPgPY9uV+/1DjxoQ7DoB2N8eocyq8I9XuqJ7BiAMDMf9n1xZM9TgW0J8zrquIb/A7s3BJv7rjg==,
      }
    engines: { node: ">=12" }
    cpu: [loong64]
    os: [linux]

  "@esbuild/linux-mips64el@0.18.20":
    resolution:
      {
        integrity: sha512-d5NeaXZcHp8PzYy5VnXV3VSd2D328Zb+9dEq5HE6bw6+N86JVPExrA6O68OPwobntbNJ0pzCpUFZTo3w0GyetQ==,
      }
    engines: { node: ">=12" }
    cpu: [mips64el]
    os: [linux]

  "@esbuild/linux-ppc64@0.18.20":
    resolution:
      {
        integrity: sha512-WHPyeScRNcmANnLQkq6AfyXRFr5D6N2sKgkFo2FqguP44Nw2eyDlbTdZwd9GYk98DZG9QItIiTlFLHJHjxP3FA==,
      }
    engines: { node: ">=12" }
    cpu: [ppc64]
    os: [linux]

  "@esbuild/linux-riscv64@0.18.20":
    resolution:
      {
        integrity: sha512-WSxo6h5ecI5XH34KC7w5veNnKkju3zBRLEQNY7mv5mtBmrP/MjNBCAlsM2u5hDBlS3NGcTQpoBvRzqBcRtpq1A==,
      }
    engines: { node: ">=12" }
    cpu: [riscv64]
    os: [linux]

  "@esbuild/linux-s390x@0.18.20":
    resolution:
      {
        integrity: sha512-+8231GMs3mAEth6Ja1iK0a1sQ3ohfcpzpRLH8uuc5/KVDFneH6jtAJLFGafpzpMRO6DzJ6AvXKze9LfFMrIHVQ==,
      }
    engines: { node: ">=12" }
    cpu: [s390x]
    os: [linux]

  "@esbuild/linux-x64@0.18.20":
    resolution:
      {
        integrity: sha512-UYqiqemphJcNsFEskc73jQ7B9jgwjWrSayxawS6UVFZGWrAAtkzjxSqnoclCXxWtfwLdzU+vTpcNYhpn43uP1w==,
      }
    engines: { node: ">=12" }
    cpu: [x64]
    os: [linux]

  "@esbuild/netbsd-x64@0.18.20":
    resolution:
      {
        integrity: sha512-iO1c++VP6xUBUmltHZoMtCUdPlnPGdBom6IrO4gyKPFFVBKioIImVooR5I83nTew5UOYrk3gIJhbZh8X44y06A==,
      }
    engines: { node: ">=12" }
    cpu: [x64]
    os: [netbsd]

  "@esbuild/openbsd-x64@0.18.20":
    resolution:
      {
        integrity: sha512-e5e4YSsuQfX4cxcygw/UCPIEP6wbIL+se3sxPdCiMbFLBWu0eiZOJ7WoD+ptCLrmjZBK1Wk7I6D/I3NglUGOxg==,
      }
    engines: { node: ">=12" }
    cpu: [x64]
    os: [openbsd]

  "@esbuild/sunos-x64@0.18.20":
    resolution:
      {
        integrity: sha512-kDbFRFp0YpTQVVrqUd5FTYmWo45zGaXe0X8E1G/LKFC0v8x0vWrhOWSLITcCn63lmZIxfOMXtCfti/RxN/0wnQ==,
      }
    engines: { node: ">=12" }
    cpu: [x64]
    os: [sunos]

  "@esbuild/win32-arm64@0.18.20":
    resolution:
      {
        integrity: sha512-ddYFR6ItYgoaq4v4JmQQaAI5s7npztfV4Ag6NrhiaW0RrnOXqBkgwZLofVTlq1daVTQNhtI5oieTvkRPfZrePg==,
      }
    engines: { node: ">=12" }
    cpu: [arm64]
    os: [win32]

  "@esbuild/win32-ia32@0.18.20":
    resolution:
      {
        integrity: sha512-Wv7QBi3ID/rROT08SABTS7eV4hX26sVduqDOTe1MvGMjNd3EjOz4b7zeexIR62GTIEKrfJXKL9LFxTYgkyeu7g==,
      }
    engines: { node: ">=12" }
    cpu: [ia32]
    os: [win32]

  "@esbuild/win32-x64@0.18.20":
    resolution:
      {
        integrity: sha512-kTdfRcSiDfQca/y9QIkng02avJ+NCaQvrMejlsB3RRv5sE9rRoeBPISaZpKxHELzRxZyLvNts1P27W3wV+8geQ==,
      }
    engines: { node: ">=12" }
    cpu: [x64]
    os: [win32]

  "@kwsites/file-exists@1.1.1":
    resolution:
      {
        integrity: sha512-m9/5YGR18lIwxSFDwfE3oA7bWuq9kdau6ugN4H2rJeyhFQZcG9AgSHkQtSD15a8WvTgfz9aikZMrKPHvbpqFiw==,
      }

  "@kwsites/promise-deferred@1.1.1":
    resolution:
      {
        integrity: sha512-GaHYm+c0O9MjZRu0ongGBRbinu8gVAMd2UZjji6jVmqKtZluZnptXGWhz1E8j8D2HJ3f/yMxKAUC0b+57wncIw==,
      }

  "@next/env@14.2.35":
    resolution:
      {
        integrity: sha512-DuhvCtj4t9Gwrx80dmz2F4t/zKQ4ktN8WrMwOuVzkJfBilwAwGr6v16M5eI8yCuZ63H9TTuEU09Iu2HqkzFPVQ==,
      }

  "@types/node-fetch@2.6.13":
    resolution:
      {
        integrity: sha512-QGpRVpzSaUs30JBSGPjOg4Uveu384erbHBoT1zeONvyCfwQxIkUshLAOqN/k9EjGviPRmWTTe6aH2qySWKTVSw==,
      }

  "@types/node@18.19.130":
    resolution:
      {
        integrity: sha512-GRaXQx6jGfL8sKfaIDD6OupbIHBr9jv7Jnaml9tB7l4v068PAOXqfcujMMo5PhbIs6ggR1XODELqahT2R8v0fg==,
      }

  abort-controller@3.0.0:
    resolution:
      {
        integrity: sha512-h8lQ8tacZYnR3vNQTgibj+tODHI5/+l06Au2Pcriv/Gmet0eaj4TwWH41sO9wnHDiQsEj19q0drzdWdeAHtweg==,
      }
    engines: { node: ">=6.5" }

  agentkeepalive@4.6.0:
    resolution:
      {
        integrity: sha512-kja8j7PjmncONqaTsB8fQ+wE2mSU2DJ9D4XKoJ5PFWIdRMa6SLSN1ff4mOr4jCbfRSsxR4keIiySJU0N9T5hIQ==,
      }
    engines: { node: ">= 8.0.0" }

  ansi-regex@5.0.1:
    resolution:
      {
        integrity: sha512-quJQXlTSUGL2LH9SUXo8VwsY4soanhgo6LNSm84E1LBcE8s3O0wpdiRzyR9z/ZZJMlMWv37qOOb9pdJlMUEKFQ==,
      }
    engines: { node: ">=8" }

  ansi-styles@4.3.0:
    resolution:
      {
        integrity: sha512-zbB9rCJAT1rbjiVDb2hqKFHNYLxgtk8NURxZ3IZwD3F6NtxbXZQCnnSi1Lkx+IDohdPlFp222wVALIheZJQSEg==,
      }
    engines: { node: ">=8" }

  argparse@2.0.1:
    resolution:
      {
        integrity: sha512-8+9WqebbFzpX9OR+Wa6O29asIogeRMzcGtAINdpMHHyAg10f05aSFVBbcEqGf/PXw1EjAZ+q2/bEBg3DvurK3Q==,
      }

  asynckit@0.4.0:
    resolution:
      {
        integrity: sha512-Oei9OH4tRh0YqU3GxhX79dM/mwVgvbZJaSNaRk+bshkj0S5cfHcgYakreBjrHwatXKbz+IoIdYLxrKim2MjW0Q==,
      }

  autoevals@0.0.64:
    resolution:
      {
        integrity: sha512-mEv5G3Dfu5s0KH9K5M38DqXNbNBAo/1KknoE+uIRqeAdJcLAf9v6WnVE2u7SHAIRxeVZ5lVOT5fjvFqanbjEUA==,
      }

  balanced-match@1.0.2:
    resolution:
      {
        integrity: sha512-3oSeUO0TMV67hN1AmbXsK4yaqU7tjiHlbxRDZOpH0KW9+CeX4bRAaX0Anxt0tx2MrpRpWwQaPwIlISEJhYU5Pw==,
      }

  base-64@0.1.0:
    resolution:
      {
        integrity: sha512-Y5gU45svrR5tI2Vt/X9GPd3L0HNIKzGu202EjxrXMpuc2V2CiKgemAbUUsqYmZJvPtCXoUKjNZwBJzsNScUbXA==,
      }

  binary-search@1.3.6:
    resolution:
      {
        integrity: sha512-nbE1WxOTTrUWIfsfZ4aHGYu5DOuNkbxGokjV6Z2kxfJK3uaAb8zNK1muzOeipoLHZjInT4Br88BHpzevc681xA==,
      }

  brace-expansion@2.0.3:
    resolution:
      {
        integrity: sha512-MCV/fYJEbqx68aE58kv2cA/kiky1G8vux3OR6/jbS+jIMe/6fJWa0DTzJU7dqijOWYwHi1t29FlfYI9uytqlpA==,
      }

  braintrust@0.0.127:
    resolution:
      {
        integrity: sha512-MrXHSygbpT9+X7URWLX4Tnn8llVS/kLXAaxi3JrZK6FSMIbAnkghrF45TE4M7MwpWc7dhbK2kkRebTsQE4DjQw==,
      }
    hasBin: true

  call-bind-apply-helpers@1.0.2:
    resolution:
      {
        integrity: sha512-Sp1ablJ0ivDkSzjcaJdxEunN5/XvksFJ2sMBFfq6x0ryhQV/2b/KwFe21cMpmHtPOSij8K99/wSfoEuTObmuMQ==,
      }
    engines: { node: ">= 0.4" }

  chalk@4.1.2:
    resolution:
      {
        integrity: sha512-oKnbhFyRIXpUuez8iBMmyEa4nbj4IOQyuhc/wy9kY7/WVPcwIO9VA668Pu8RkO7+0G76SLROeyw9CpQ061i4mA==,
      }
    engines: { node: ">=10" }

  charenc@0.0.2:
    resolution:
      {
        integrity: sha512-yrLQ/yVUFXkzg7EDQsPieE/53+0RlaWTs+wBrvW36cyilJ2SaDWfl4Yj7MtLTXleV9uEKefbAGUPv2/iWSooRA==,
      }

  cheminfo-types@1.14.0:
    resolution:
      {
        integrity: sha512-OqGJQN0AqS1Gw3IEZ3GxP8WL8sI+usK//StPyKcvE8fR5MZPxnGZWMGXYtQHFOYE16iUo/54AJOlzC5NnLw+wg==,
      }

  cli-progress@3.12.0:
    resolution:
      {
        integrity: sha512-tRkV3HJ1ASwm19THiiLIXLO7Im7wlTuKnvkYaTkyoAPefqjNg7W7DHKUlGRxy9vxDvbyCYQkQozvptuMkGCg8A==,
      }
    engines: { node: ">=4" }

  color-convert@2.0.1:
    resolution:
      {
        integrity: sha512-RRECPsj7iu/xb5oKYcsFHSppFNnsj/52OVTRKb4zP5onXwVF3zVmmToNcOfGC+CRDpfK/U584fMg38ZHCaElKQ==,
      }
    engines: { node: ">=7.0.0" }

  color-name@1.1.4:
    resolution:
      {
        integrity: sha512-dOy+3AuW3a2wNbZHIuMZpTcgjGuLU/uBL/ubcZF9OXbDo8ff4O8yVp5Bf0efS8uEoYo5q4Fx7dY9OgQGXgAsQA==,
      }

  combined-stream@1.0.8:
    resolution:
      {
        integrity: sha512-FQN4MRfuJeHf7cBbBMJFXhKSDq+2kAArBlmRBvcvFE5BB1HZKXtSFASDhdlz9zOYwxh8lDdnvmMOe/+5cdoEdg==,
      }
    engines: { node: ">= 0.8" }

  compute-cosine-similarity@1.1.0:
    resolution:
      {
        integrity: sha512-FXhNx0ILLjGi9Z9+lglLzM12+0uoTnYkHm7GiadXDAr0HGVLm25OivUS1B/LPkbzzvlcXz/1EvWg9ZYyJSdhTw==,
      }

  compute-dot@1.1.0:
    resolution:
      {
        integrity: sha512-L5Ocet4DdMrXboss13K59OK23GXjiSia7+7Ukc7q4Bl+RVpIXK2W9IHMbWDZkh+JUEvJAwOKRaJDiFUa1LTnJg==,
      }

  compute-l2norm@1.1.0:
    resolution:
      {
        integrity: sha512-6EHh1Elj90eU28SXi+h2PLnTQvZmkkHWySpoFz+WOlVNLz3DQoC4ISUHSV9n5jMxPHtKGJ01F4uu2PsXBB8sSg==,
      }

  crypt@0.0.2:
    resolution:
      {
        integrity: sha512-mCxBlsHFYh9C+HVpiEacem8FEBnMXgU9gy4zmNC+SXAZNB/1idgp/aulFJ4FgCi7GPEVbfyng092GqL2k2rmow==,
      }

  debug@4.4.3:
    resolution:
      {
        integrity: sha512-RGwwWnwQvkVfavKVt22FGLw+xYSdzARwm0ru6DhTVA3umU5hZc28V3kO4stgYryrTlLpuvgI9GiijltAjNbcqA==,
      }
    engines: { node: ">=6.0" }
    peerDependencies:
      supports-color: "*"
    peerDependenciesMeta:
      supports-color:
        optional: true

  delayed-stream@1.0.0:
    resolution:
      {
        integrity: sha512-ZySD7Nf91aLB0RxL4KGrKHBXl7Eds1DAmEdcoVawXnLD7SDhpNgtuII2aAkg7a7QS41jxPSZ17p4VdGnMHk3MQ==,
      }
    engines: { node: ">=0.4.0" }

  digest-fetch@1.3.0:
    resolution:
      {
        integrity: sha512-CGJuv6iKNM7QyZlM2T3sPAdZWd/p9zQiRNS9G+9COUCwzWFTs0Xp8NF5iePx7wtvhDykReiRRrSeNb4oMmB8lA==,
      }

  dotenv@16.6.1:
    resolution:
      {
        integrity: sha512-uBq4egWHTcTt33a72vpSG0z3HnPuIl6NqYcTrKEg2azoEyl2hpW0zqlxysq2pK9HlDIHyHyakeYaYnSAwd8bow==,
      }
    engines: { node: ">=12" }

  dunder-proto@1.0.1:
    resolution:
      {
        integrity: sha512-KIN/nDJBQRcXw0MLVhZE9iQHmG68qAVIBg9CqmUYjmQIhgij9U5MFvrqkUL5FbtyyzZuOeOt0zdeRe4UY7ct+A==,
      }
    engines: { node: ">= 0.4" }

  emoji-regex@8.0.0:
    resolution:
      {
        integrity: sha512-MSjYzcWNOA0ewAHpz0MxpYFvwg6yjy1NG3xteoqz644VCo/RPgnr1/GGt+ic3iJTzQ8Eu3TdM14SawnVUmGE6A==,
      }

  es-define-property@1.0.1:
    resolution:
      {
        integrity: sha512-e3nRfgfUZ4rNGL232gUgX06QNyyez04KdjFrF+LTRoOXmrOgFKDg4BCdsjW8EnT69eqdYGmRpJwiPVYNrCaW3g==,
      }
    engines: { node: ">= 0.4" }

  es-errors@1.3.0:
    resolution:
      {
        integrity: sha512-Zf5H2Kxt2xjTvbJvP2ZWLEICxA6j+hAmMzIlypy4xcBg1vKVnx89Wy0GbS+kf5cwCVFFzdCFh2XSCFNULS6csw==,
      }
    engines: { node: ">= 0.4" }

  es-object-atoms@1.1.1:
    resolution:
      {
        integrity: sha512-FGgH2h8zKNim9ljj7dankFPcICIK9Cp5bm+c2gQSYePhpaG5+esrLODihIorn+Pe6FGJzWhXQotPv73jTaldXA==,
      }
    engines: { node: ">= 0.4" }

  es-set-tostringtag@2.1.0:
    resolution:
      {
        integrity: sha512-j6vWzfrGVfyXxge+O0x5sh6cvxAog0a/4Rdd2K36zCMV5eJ+/+tOAngRO8cODMNWbVRdVlmGZQL2YS3yR8bIUA==,
      }
    engines: { node: ">= 0.4" }

  esbuild@0.18.20:
    resolution:
      {
        integrity: sha512-ceqxoedUrcayh7Y7ZX6NdbbDzGROiyVBgC4PriJThBKSVPWnnFHZAkfI1lJT8QFkOwH4qOS2SJkS4wvpGl8BpA==,
      }
    engines: { node: ">=12" }
    hasBin: true

  event-target-shim@5.0.1:
    resolution:
      {
        integrity: sha512-i/2XbnSz/uxRCU6+NdVJgKWDTM427+MqYbkQzD321DuCQJUqOuJKIA0IM2+W2xtYHdKOmZ4dR6fExsd4SXL+WQ==,
      }
    engines: { node: ">=6" }

  fft.js@4.0.4:
    resolution:
      {
        integrity: sha512-f9c00hphOgeQTlDyavwTtu6RiK8AIFjD6+jvXkNkpeQ7rirK3uFWVpalkoS4LAwbdX7mfZ8aoBfFVQX1Re/8aw==,
      }

  form-data-encoder@1.7.2:
    resolution:
      {
        integrity: sha512-qfqtYan3rxrnCk1VYaA4H+Ms9xdpPqvLZa6xmMgFvhO32x7/3J/ExcTd6qpxM0vH2GdMI+poehyBZvqfMTto8A==,
      }

  form-data@4.0.5:
    resolution:
      {
        integrity: sha512-8RipRLol37bNs2bhoV67fiTEvdTrbMUYcFTiy3+wuuOnUog2QBHCZWXDRijWQfAkhBj2Uf5UnVaiWwA5vdd82w==,
      }
    engines: { node: ">= 6" }

  formdata-node@4.4.1:
    resolution:
      {
        integrity: sha512-0iirZp3uVDjVGt9p49aTaqjk84TrglENEDuqfdlZQ1roC9CWlPk6Avf8EEnZNcAqPonwkG35x4n3ww/1THYAeQ==,
      }
    engines: { node: ">= 12.20" }

  function-bind@1.1.2:
    resolution:
      {
        integrity: sha512-7XHNxH7qX9xG5mIwxkhumTox/MIRNcOgDrxWsMt2pAr23WHp6MrRlN7FBSFpCpr+oVO0F744iUgR82nJMfG2SA==,
      }

  get-intrinsic@1.3.0:
    resolution:
      {
        integrity: sha512-9fSjSaos/fRIVIp+xSJlE6lfwhES7LNtKaCBIamHsjr2na1BiABJPo0mOjjz8GJDURarmCPGqaiVg5mfjb98CQ==,
      }
    engines: { node: ">= 0.4" }

  get-proto@1.0.1:
    resolution:
      {
        integrity: sha512-sTSfBjoXBp89JvIKIefqw7U2CCebsc74kiY6awiGogKtoSGbgjYE/G/+l9sF3MWFPNc9IcoOC4ODfKHfxFmp0g==,
      }
    engines: { node: ">= 0.4" }

  gopd@1.2.0:
    resolution:
      {
        integrity: sha512-ZUKRh6/kUFoAiTAtTYPZJ3hw9wNxx+BIBOijnlG9PnrJsCcSjs1wyyD6vJpaYtgnzDrKYRSqf3OO6Rfa93xsRg==,
      }
    engines: { node: ">= 0.4" }

  graceful-fs@4.2.11:
    resolution:
      {
        integrity: sha512-RbJ5/jmFcNNCcDV5o9eTnBLJ/HszWV0P73bc+Ff4nS/rJj+YaS6IGyiOL0VoBYX+l1Wrl3k63h/KrH+nhJ0XvQ==,
      }

  has-flag@4.0.0:
    resolution:
      {
        integrity: sha512-EykJT/Q1KjTWctppgIAgfSO0tKVuZUjhgMr17kqTumMl6Afv3EISleU7qZUzoXDFTAHTDC4NOoG/ZxU3EvlMPQ==,
      }
    engines: { node: ">=8" }

  has-symbols@1.1.0:
    resolution:
      {
        integrity: sha512-1cDNdwJ2Jaohmb3sg4OmKaMBwuC48sYni5HUw2DvsC8LjGTLK9h+eb1X6RyuOHe4hT0ULCW68iomhjUoKUqlPQ==,
      }
    engines: { node: ">= 0.4" }

  has-tostringtag@1.0.2:
    resolution:
      {
        integrity: sha512-NqADB8VjPFLM2V0VvHUewwwsw0ZWBaIdgo+ieHtK3hasLz4qeCRjYcqfB6AQrBggRKppKF8L52/VqdVsO47Dlw==,
      }
    engines: { node: ">= 0.4" }

  hasown@2.0.2:
    resolution:
      {
        integrity: sha512-0hJU9SCPvmMzIBdZFqNPXWa6dqh7WdH0cII9y+CyS8rG3nL48Bclra9HmKhVVUHyPWNH5Y7xDwAB7bfgSjkUMQ==,
      }
    engines: { node: ">= 0.4" }

  humanize-ms@1.2.1:
    resolution:
      {
        integrity: sha512-Fl70vYtsAFb/C06PTS9dZBo7ihau+Tu/DNCk/OyHhea07S+aeMWpFFkUaXRa8fI+ScZbEI8dfSxwY7gxZ9SAVQ==,
      }

  is-any-array@2.0.1:
    resolution:
      {
        integrity: sha512-UtilS7hLRu++wb/WBAw9bNuP1Eg04Ivn1vERJck8zJthEvXCBEBpGR/33u/xLKWEQf95803oalHrVDptcAvFdQ==,
      }

  is-buffer@1.1.6:
    resolution:
      {
        integrity: sha512-NcdALwpXkTm5Zvvbk7owOUSvVvBKDgKP5/ewfXEznmQFfs4ZRmanOeKBTjRVjka3QFoN6XJ+9F3USqfHqTaU5w==,
      }

  is-fullwidth-code-point@3.0.0:
    resolution:
      {
        integrity: sha512-zymm5+u+sCsSWyD9qNaejV3DFvhCKclKdizYaJUuHA83RLjb7nSuGnddCHGv0hk+KY7BMAlsWeK4Ueg6EV6XQg==,
      }
    engines: { node: ">=8" }

  js-levenshtein@1.1.6:
    resolution:
      {
        integrity: sha512-X2BB11YZtrRqY4EnQcLX5Rh373zbK4alC1FW7D7MBhL2gtcC17cTnr6DmfHZeS0s2rTHjUTMMHfG7gO8SSdw+g==,
      }
    engines: { node: ">=0.10.0" }

  js-yaml@4.1.1:
    resolution:
      {
        integrity: sha512-qQKT4zQxXl8lLwBtHMWwaTcGfFOZviOJet3Oy/xmGk2gZH677CJM9EvtfdSkgWcATZhj/55JZ0rmy3myCT5lsA==,
      }
    hasBin: true

  json-schema@0.4.0:
    resolution:
      {
        integrity: sha512-es94M3nTIfsEPisRafak+HDLfHXnKBhV3vU5eqPcS3flIWqcxJWgXHXiey3YrpaNsanY5ei1VoYEbOzijuq9BA==,
      }

  linear-sum-assignment@1.0.9:
    resolution:
      {
        integrity: sha512-1T2Ek3sxpt2mBHeBFMRJEikiIK/yIOwf+mrxv/DkAU/5ddnCMndZL//hFH7QuHa1tbaQADzsf9t7rkGZKqoFfQ==,
      }

  math-intrinsics@1.1.0:
    resolution:
      {
        integrity: sha512-/IXtbwEk5HTPyEwyKX6hGkYXxM9nbj64B+ilVJnC/R6B0pH5G4V3b0pVbL7DBj4tkhBAppbQUlf6F6Xl9LHu1g==,
      }
    engines: { node: ">= 0.4" }

  md5@2.3.0:
    resolution:
      {
        integrity: sha512-T1GITYmFaKuO91vxyoQMFETst+O71VUPEU3ze5GNzDm0OWdP8v1ziTaAEPUr/3kLsY3Sftgz242A1SetQiDL7g==,
      }

  mime-db@1.52.0:
    resolution:
      {
        integrity: sha512-sPU4uV7dYlvtWJxwwxHD0PuihVNiE7TyAbQ5SWxDCB9mUYvOgroQOwYQQOKPJ8CIbE+1ETVlOoK1UC2nU3gYvg==,
      }
    engines: { node: ">= 0.6" }

  mime-types@2.1.35:
    resolution:
      {
        integrity: sha512-ZDY+bPm5zTTF+YpCrAU9nK0UgICYPT0QtT1NZWFv4s++TNkcgVaT0g6+4R2uI4MjQjzysHB1zxuWL50hzaeXiw==,
      }
    engines: { node: ">= 0.6" }

  minimatch@9.0.9:
    resolution:
      {
        integrity: sha512-OBwBN9AL4dqmETlpS2zasx+vTeWclWzkblfZk7KTA5j3jeOONz/tRCnZomUyvNg83wL5Zv9Ss6HMJXAgL8R2Yg==,
      }
    engines: { node: ">=16 || 14 >=14.17" }

  ml-array-max@1.2.4:
    resolution:
      {
        integrity: sha512-BlEeg80jI0tW6WaPyGxf5Sa4sqvcyY6lbSn5Vcv44lp1I2GR6AWojfUvLnGTNsIXrZ8uqWmo8VcG1WpkI2ONMQ==,
      }

  ml-array-min@1.2.3:
    resolution:
      {
        integrity: sha512-VcZ5f3VZ1iihtrGvgfh/q0XlMobG6GQ8FsNyQXD3T+IlstDv85g8kfV0xUG1QPRO/t21aukaJowDzMTc7j5V6Q==,
      }

  ml-array-rescale@1.3.7:
    resolution:
      {
        integrity: sha512-48NGChTouvEo9KBctDfHC3udWnQKNKEWN0ziELvY3KG25GR5cA8K8wNVzracsqSW1QEkAXjTNx+ycgAv06/1mQ==,
      }

  ml-matrix@6.12.1:
    resolution:
      {
        integrity: sha512-TJ+8eOFdp+INvzR4zAuwBQJznDUfktMtOB6g/hUcGh3rcyjxbz4Te57Pgri8Q9bhSQ7Zys4IYOGhFdnlgeB6Lw==,
      }

  ml-spectra-processing@14.22.0:
    resolution:
      {
        integrity: sha512-rafMp7ny4J96mMM7AUmRKKXYhNw7J4keolHaYZjiQbqSqknlAntHlng1H0O30KpsOnqHH2XBPFIlGAaQruQAxw==,
      }

  ml-xsadd@3.0.1:
    resolution:
      {
        integrity: sha512-Fz2q6dwgzGM8wYKGArTUTZDGa4lQFA2Vi6orjGeTVRy22ZnQFKlJuwS9n8NRviqz1KHAHAzdKJwbnYhdo38uYg==,
      }

  ms@2.1.3:
    resolution:
      {
        integrity: sha512-6FlzubTLZG3J2a/NVCAleEhjzq5oxgHyaCU9yYXvcLsvoVaHJq/s5xXI6/XXP6tz7R9xAOtHnSO/tXtF3WRTlA==,
      }

  mustache@4.2.0:
    resolution:
      {
        integrity: sha512-71ippSywq5Yb7/tVYyGbkBggbU8H3u5Rz56fH60jGFgr8uHwxs+aSKeqmluIVzM0m0kB7xQjKS6qPfd0b2ZoqQ==,
      }
    hasBin: true

  node-domexception@1.0.0:
    resolution:
      {
        integrity: sha512-/jKZoMpw0F8GRwl4/eLROPA3cfcXtLApP0QzLmUT/HuPCZWyB7IY9ZrMeKw2O/nFIqPQB3PVM9aYm0F312AXDQ==,
      }
    engines: { node: ">=10.5.0" }
    deprecated: Use your platform's native DOMException instead

  node-fetch@2.7.0:
    resolution:
      {
        integrity: sha512-c4FRfUm/dbcWZ7U+1Wq0AwCyFL+3nt2bEw05wfxSz+DWpWsitgmSgYmy2dQdWyKC1694ELPqMs/YzUSNozLt8A==,
      }
    engines: { node: 4.x || >=6.0.0 }
    peerDependencies:
      encoding: ^0.1.0
    peerDependenciesMeta:
      encoding:
        optional: true

  openai@4.104.0:
    resolution:
      {
        integrity: sha512-p99EFNsA/yX6UhVO93f5kJsDRLAg+CTA2RBqdHK4RtK8u5IJw32Hyb2dTGKbnnFmnuoBv5r7Z2CURI9sGZpSuA==,
      }
    hasBin: true
    peerDependencies:
      ws: ^8.18.0
      zod: ^3.23.8
    peerDependenciesMeta:
      ws:
        optional: true
      zod:
        optional: true

  openai@4.23.0:
    resolution:
      {
        integrity: sha512-ey2CXh1OTcTUa0AWZWuTpgA9t5GuAG3DVU1MofCRUI7fQJij8XJ3Sr0VtgxoAE69C9wbHBMCux8Z/IQZfSwHiA==,
      }
    hasBin: true

  openapi3-ts@4.5.0:
    resolution:
      {
        integrity: sha512-jaL+HgTq2Gj5jRcfdutgRGLosCy/hT8sQf6VOy+P+g36cZOjI1iukdPnijC+4CmeRzg/jEllJUboEic2FhxhtQ==,
      }

  pluralize@8.0.0:
    resolution:
      {
        integrity: sha512-Nc3IT5yHzflTfbjgqWcCPpo7DaKy4FnpB0l/zCAW0Tc7jxAiuqSxHasntB3D7887LSrA93kDJ9IXovxJYxyLCA==,
      }
    engines: { node: ">=4" }

  simple-git@3.33.0:
    resolution:
      {
        integrity: sha512-D4V/tGC2sjsoNhoMybKyGoE+v8A60hRawKQ1iFRA1zwuDgGZCBJ4ByOzZ5J8joBbi4Oam0qiPH+GhzmSBwbJng==,
      }

  string-width@4.2.3:
    resolution:
      {
        integrity: sha512-wKyQRQpjJ0sIp62ErSZdGsjMJWsap5oRNihHhu6G7JVO/9jIB6UyevL+tXuOqrng8j/cxKTWyWUwvSTriiZz/g==,
      }
    engines: { node: ">=8" }

  strip-ansi@6.0.1:
    resolution:
      {
        integrity: sha512-Y38VPSHcqkFrCpFnQ9vuSXmquuv5oXOKpGeT6aGrr3o3Gc9AlVa6JBfUSOCnbxGGZF+/0ooI7KrPuUSztUdU5A==,
      }
    engines: { node: ">=8" }

  supports-color@7.2.0:
    resolution:
      {
        integrity: sha512-qpCAvRl9stuOHveKsn7HncJRvv501qIacKzQlO/+Lwxc9+0q2wLyv4Dfvt80/DPn2pqOBsJdDiogXGR9+OvwRw==,
      }
    engines: { node: ">=8" }

  tr46@0.0.3:
    resolution:
      {
        integrity: sha512-N3WMsuqV66lT30CrXNbEjx4GEwlow3v6rr4mCcv6prnfwhS01rkgyFdjPNBYd9br7LpXV1+Emh01fHnq2Gdgrw==,
      }

  undici-types@5.26.5:
    resolution:
      {
        integrity: sha512-JlCMO+ehdEIKqlFxk6IfVoAUVmgz7cU7zD/h9XZ0qzeosSHmUJVOzSQvvYSYWXkFXC+IfLKSIffhv0sVZup6pA==,
      }

  uuid@9.0.1:
    resolution:
      {
        integrity: sha512-b+1eJOlsR9K8HJpow9Ok3fiWOWSIcIzXodvv0rQjVoOVNpWMpxf1wZNpt4y9h10odCNrqnYp1OBzRktckBe3sA==,
      }
    hasBin: true

  validate.io-array@1.0.6:
    resolution:
      {
        integrity: sha512-DeOy7CnPEziggrOO5CZhVKJw6S3Yi7e9e65R1Nl/RTN1vTQKnzjfvks0/8kQ40FP/dsjRAOd4hxmJ7uLa6vxkg==,
      }

  validate.io-function@1.0.2:
    resolution:
      {
        integrity: sha512-LlFybRJEriSuBnUhQyG5bwglhh50EpTL2ul23MPIuR1odjO7XaMLFV8vHGwp7AZciFxtYOeiSCT5st+XSPONiQ==,
      }

  web-streams-polyfill@3.3.3:
    resolution:
      {
        integrity: sha512-d2JWLCivmZYTSIoge9MsgFCZrt571BikcWGYkjC1khllbTeDlGqZ2D8vD8E/lJa8WGWbb7Plm8/XJYV7IJHZZw==,
      }
    engines: { node: ">= 8" }

  web-streams-polyfill@4.0.0-beta.3:
    resolution:
      {
        integrity: sha512-QW95TCTaHmsYfHDybGMwO5IJIM93I/6vTRk+daHTWFPhwh+C8Cg7j7XyKrwrj8Ib6vYXe0ocYNrmzY4xAAN6ug==,
      }
    engines: { node: ">= 14" }

  webidl-conversions@3.0.1:
    resolution:
      {
        integrity: sha512-2JAn3z8AR6rjK8Sm8orRC0h/bcl/DqL7tRPdGZ4I1CjdF+EaMLmYxBHyXuKL849eucPFhvBoxMsflfOb8kxaeQ==,
      }

  whatwg-url@5.0.0:
    resolution:
      {
        integrity: sha512-saE57nupxk6v3HY35+jzBwYa0rKSy0XR8JSxZPwgLr7ys0IBzhGviA1/TUGJLmSVqs8pb9AnvICXEuOHLprYTw==,
      }

  yaml@2.8.3:
    resolution:
      {
        integrity: sha512-AvbaCLOO2Otw/lW5bmh9d/WEdcDFdQp2Z2ZUH3pX9U2ihyUY0nvLv7J6TrWowklRGPYbB/IuIMfYgxaCPg5Bpg==,
      }
    engines: { node: ">= 14.6" }
    hasBin: true

  zod-to-json-schema@3.25.2:
    resolution:
      {
        integrity: sha512-O/PgfnpT1xKSDeQYSCfRI5Gy3hPf91mKVDuYLUHZJMiDFptvP41MSnWofm8dnCm0256ZNfZIM7DSzuSMAFnjHA==,
      }
    peerDependencies:
      zod: ^3.25.28 || ^4

  zod@3.25.76:
    resolution:
      {
        integrity: sha512-gzUt/qt81nXsFGKIFcC3YnfEAx5NkunCfnDlvuBSSFS02bcXu4Lmea0AFIUwbLWxWPx3d9p8S5QoaujKcNQxcQ==,
      }

snapshots:
  "@ai-sdk/provider@0.0.0":
    dependencies:
      json-schema: 0.4.0

  "@asteasolutions/zod-to-openapi@6.4.0(zod@3.25.76)":
    dependencies:
      openapi3-ts: 4.5.0
      zod: 3.25.76

  "@braintrust/core@0.0.34":
    dependencies:
      "@asteasolutions/zod-to-openapi": 6.4.0(zod@3.25.76)
      uuid: 9.0.1
      zod: 3.25.76

  "@esbuild/android-arm64@0.18.20":
    optional: true

  "@esbuild/android-arm@0.18.20":
    optional: true

  "@esbuild/android-x64@0.18.20":
    optional: true

  "@esbuild/darwin-arm64@0.18.20":
    optional: true

  "@esbuild/darwin-x64@0.18.20":
    optional: true

  "@esbuild/freebsd-arm64@0.18.20":
    optional: true

  "@esbuild/freebsd-x64@0.18.20":
    optional: true

  "@esbuild/linux-arm64@0.18.20":
    optional: true

  "@esbuild/linux-arm@0.18.20":
    optional: true

  "@esbuild/linux-ia32@0.18.20":
    optional: true

  "@esbuild/linux-loong64@0.18.20":
    optional: true

  "@esbuild/linux-mips64el@0.18.20":
    optional: true

  "@esbuild/linux-ppc64@0.18.20":
    optional: true

  "@esbuild/linux-riscv64@0.18.20":
    optional: true

  "@esbuild/linux-s390x@0.18.20":
    optional: true

  "@esbuild/linux-x64@0.18.20":
    optional: true

  "@esbuild/netbsd-x64@0.18.20":
    optional: true

  "@esbuild/openbsd-x64@0.18.20":
    optional: true

  "@esbuild/sunos-x64@0.18.20":
    optional: true

  "@esbuild/win32-arm64@0.18.20":
    optional: true

  "@esbuild/win32-ia32@0.18.20":
    optional: true

  "@esbuild/win32-x64@0.18.20":
    optional: true

  "@kwsites/file-exists@1.1.1":
    dependencies:
      debug: 4.4.3
    transitivePeerDependencies:
      - supports-color

  "@kwsites/promise-deferred@1.1.1": {}

  "@next/env@14.2.35": {}

  "@types/node-fetch@2.6.13":
    dependencies:
      "@types/node": 18.19.130
      form-data: 4.0.5

  "@types/node@18.19.130":
    dependencies:
      undici-types: 5.26.5

  abort-controller@3.0.0:
    dependencies:
      event-target-shim: 5.0.1

  agentkeepalive@4.6.0:
    dependencies:
      humanize-ms: 1.2.1

  ansi-regex@5.0.1: {}

  ansi-styles@4.3.0:
    dependencies:
      color-convert: 2.0.1

  argparse@2.0.1: {}

  asynckit@0.4.0: {}

  autoevals@0.0.64:
    dependencies:
      "@braintrust/core": 0.0.34
      compute-cosine-similarity: 1.1.0
      js-levenshtein: 1.1.6
      js-yaml: 4.1.1
      linear-sum-assignment: 1.0.9
      mustache: 4.2.0
      openai: 4.23.0
      zod: 3.25.76
      zod-to-json-schema: 3.25.2(zod@3.25.76)
    transitivePeerDependencies:
      - encoding

  balanced-match@1.0.2: {}

  base-64@0.1.0: {}

  binary-search@1.3.6: {}

  brace-expansion@2.0.3:
    dependencies:
      balanced-match: 1.0.2

  braintrust@0.0.127:
    dependencies:
      "@ai-sdk/provider": 0.0.0
      "@braintrust/core": 0.0.34
      "@next/env": 14.2.35
      argparse: 2.0.1
      chalk: 4.1.2
      cli-progress: 3.12.0
      dotenv: 16.6.1
      esbuild: 0.18.20
      graceful-fs: 4.2.11
      minimatch: 9.0.9
      mustache: 4.2.0
      pluralize: 8.0.0
      simple-git: 3.33.0
      uuid: 9.0.1
    transitivePeerDependencies:
      - supports-color

  call-bind-apply-helpers@1.0.2:
    dependencies:
      es-errors: 1.3.0
      function-bind: 1.1.2

  chalk@4.1.2:
    dependencies:
      ansi-styles: 4.3.0
      supports-color: 7.2.0

  charenc@0.0.2: {}

  cheminfo-types@1.14.0: {}

  cli-progress@3.12.0:
    dependencies:
      string-width: 4.2.3

  color-convert@2.0.1:
    dependencies:
      color-name: 1.1.4

  color-name@1.1.4: {}

  combined-stream@1.0.8:
    dependencies:
      delayed-stream: 1.0.0

  compute-cosine-similarity@1.1.0:
    dependencies:
      compute-dot: 1.1.0
      compute-l2norm: 1.1.0
      validate.io-array: 1.0.6
      validate.io-function: 1.0.2

  compute-dot@1.1.0:
    dependencies:
      validate.io-array: 1.0.6
      validate.io-function: 1.0.2

  compute-l2norm@1.1.0:
    dependencies:
      validate.io-array: 1.0.6
      validate.io-function: 1.0.2

  crypt@0.0.2: {}

  debug@4.4.3:
    dependencies:
      ms: 2.1.3

  delayed-stream@1.0.0: {}

  digest-fetch@1.3.0:
    dependencies:
      base-64: 0.1.0
      md5: 2.3.0

  dotenv@16.6.1: {}

  dunder-proto@1.0.1:
    dependencies:
      call-bind-apply-helpers: 1.0.2
      es-errors: 1.3.0
      gopd: 1.2.0

  emoji-regex@8.0.0: {}

  es-define-property@1.0.1: {}

  es-errors@1.3.0: {}

  es-object-atoms@1.1.1:
    dependencies:
      es-errors: 1.3.0

  es-set-tostringtag@2.1.0:
    dependencies:
      es-errors: 1.3.0
      get-intrinsic: 1.3.0
      has-tostringtag: 1.0.2
      hasown: 2.0.2

  esbuild@0.18.20:
    optionalDependencies:
      "@esbuild/android-arm": 0.18.20
      "@esbuild/android-arm64": 0.18.20
      "@esbuild/android-x64": 0.18.20
      "@esbuild/darwin-arm64": 0.18.20
      "@esbuild/darwin-x64": 0.18.20
      "@esbuild/freebsd-arm64": 0.18.20
      "@esbuild/freebsd-x64": 0.18.20
      "@esbuild/linux-arm": 0.18.20
      "@esbuild/linux-arm64": 0.18.20
      "@esbuild/linux-ia32": 0.18.20
      "@esbuild/linux-loong64": 0.18.20
      "@esbuild/linux-mips64el": 0.18.20
      "@esbuild/linux-ppc64": 0.18.20
      "@esbuild/linux-riscv64": 0.18.20
      "@esbuild/linux-s390x": 0.18.20
      "@esbuild/linux-x64": 0.18.20
      "@esbuild/netbsd-x64": 0.18.20
      "@esbuild/openbsd-x64": 0.18.20
      "@esbuild/sunos-x64": 0.18.20
      "@esbuild/win32-arm64": 0.18.20
      "@esbuild/win32-ia32": 0.18.20
      "@esbuild/win32-x64": 0.18.20

  event-target-shim@5.0.1: {}

  fft.js@4.0.4: {}

  form-data-encoder@1.7.2: {}

  form-data@4.0.5:
    dependencies:
      asynckit: 0.4.0
      combined-stream: 1.0.8
      es-set-tostringtag: 2.1.0
      hasown: 2.0.2
      mime-types: 2.1.35

  formdata-node@4.4.1:
    dependencies:
      node-domexception: 1.0.0
      web-streams-polyfill: 4.0.0-beta.3

  function-bind@1.1.2: {}

  get-intrinsic@1.3.0:
    dependencies:
      call-bind-apply-helpers: 1.0.2
      es-define-property: 1.0.1
      es-errors: 1.3.0
      es-object-atoms: 1.1.1
      function-bind: 1.1.2
      get-proto: 1.0.1
      gopd: 1.2.0
      has-symbols: 1.1.0
      hasown: 2.0.2
      math-intrinsics: 1.1.0

  get-proto@1.0.1:
    dependencies:
      dunder-proto: 1.0.1
      es-object-atoms: 1.1.1

  gopd@1.2.0: {}

  graceful-fs@4.2.11: {}

  has-flag@4.0.0: {}

  has-symbols@1.1.0: {}

  has-tostringtag@1.0.2:
    dependencies:
      has-symbols: 1.1.0

  hasown@2.0.2:
    dependencies:
      function-bind: 1.1.2

  humanize-ms@1.2.1:
    dependencies:
      ms: 2.1.3

  is-any-array@2.0.1: {}

  is-buffer@1.1.6: {}

  is-fullwidth-code-point@3.0.0: {}

  js-levenshtein@1.1.6: {}

  js-yaml@4.1.1:
    dependencies:
      argparse: 2.0.1

  json-schema@0.4.0: {}

  linear-sum-assignment@1.0.9:
    dependencies:
      cheminfo-types: 1.14.0
      ml-matrix: 6.12.1
      ml-spectra-processing: 14.22.0

  math-intrinsics@1.1.0: {}

  md5@2.3.0:
    dependencies:
      charenc: 0.0.2
      crypt: 0.0.2
      is-buffer: 1.1.6

  mime-db@1.52.0: {}

  mime-types@2.1.35:
    dependencies:
      mime-db: 1.52.0

  minimatch@9.0.9:
    dependencies:
      brace-expansion: 2.0.3

  ml-array-max@1.2.4:
    dependencies:
      is-any-array: 2.0.1

  ml-array-min@1.2.3:
    dependencies:
      is-any-array: 2.0.1

  ml-array-rescale@1.3.7:
    dependencies:
      is-any-array: 2.0.1
      ml-array-max: 1.2.4
      ml-array-min: 1.2.3

  ml-matrix@6.12.1:
    dependencies:
      is-any-array: 2.0.1
      ml-array-rescale: 1.3.7

  ml-spectra-processing@14.22.0:
    dependencies:
      binary-search: 1.3.6
      cheminfo-types: 1.14.0
      fft.js: 4.0.4
      is-any-array: 2.0.1
      ml-matrix: 6.12.1
      ml-xsadd: 3.0.1

  ml-xsadd@3.0.1: {}

  ms@2.1.3: {}

  mustache@4.2.0: {}

  node-domexception@1.0.0: {}

  node-fetch@2.7.0:
    dependencies:
      whatwg-url: 5.0.0

  openai@4.104.0(zod@3.25.76):
    dependencies:
      "@types/node": 18.19.130
      "@types/node-fetch": 2.6.13
      abort-controller: 3.0.0
      agentkeepalive: 4.6.0
      form-data-encoder: 1.7.2
      formdata-node: 4.4.1
      node-fetch: 2.7.0
    optionalDependencies:
      zod: 3.25.76
    transitivePeerDependencies:
      - encoding

  openai@4.23.0:
    dependencies:
      "@types/node": 18.19.130
      "@types/node-fetch": 2.6.13
      abort-controller: 3.0.0
      agentkeepalive: 4.6.0
      digest-fetch: 1.3.0
      form-data-encoder: 1.7.2
      formdata-node: 4.4.1
      node-fetch: 2.7.0
      web-streams-polyfill: 3.3.3
    transitivePeerDependencies:
      - encoding

  openapi3-ts@4.5.0:
    dependencies:
      yaml: 2.8.3

  pluralize@8.0.0: {}

  simple-git@3.33.0:
    dependencies:
      "@kwsites/file-exists": 1.1.1
      "@kwsites/promise-deferred": 1.1.1
      debug: 4.4.3
    transitivePeerDependencies:
      - supports-color

  string-width@4.2.3:
    dependencies:
      emoji-regex: 8.0.0
      is-fullwidth-code-point: 3.0.0
      strip-ansi: 6.0.1

  strip-ansi@6.0.1:
    dependencies:
      ansi-regex: 5.0.1

  supports-color@7.2.0:
    dependencies:
      has-flag: 4.0.0

  tr46@0.0.3: {}

  undici-types@5.26.5: {}

  uuid@9.0.1: {}

  validate.io-array@1.0.6: {}

  validate.io-function@1.0.2: {}

  web-streams-polyfill@3.3.3: {}

  web-streams-polyfill@4.0.0-beta.3: {}

  webidl-conversions@3.0.1: {}

  whatwg-url@5.0.0:
    dependencies:
      tr46: 0.0.3
      webidl-conversions: 3.0.1

  yaml@2.8.3: {}

  zod-to-json-schema@3.25.2(zod@3.25.76):
    dependencies:
      zod: 3.25.76

  zod@3.25.76: {}
